
Microsoft Visual Studio Solution File, Format Version 12.00
# Visual Studio Version 17
VisualStudioVersion = 17.0.31903.59
MinimumVisualStudioVersion = 10.0.40219.1
Project("{FAE04EC0-301F-11D3-BF4B-00C04F79EFBC}") = "LAB_2", "LAB_2\LAB_2.csproj", "{0D9C58E0-F9A5-48B6-ADEE-BA6B7ABC9EDD}"
EndProject
Project("{FAE04EC0-301F-11D3-BF4B-00C04F79EFBC}") = "LAB_3", "LAB_3\LAB_3.csproj", "{E93F1B30-92E9-444F-98C3-F07C41CB7E19}"
EndProject
Project("{FAE04EC0-301F-11D3-BF4B-00C04F79EFBC}") = "LAB_4", "LAB_4\LAB_4.csproj", "{C73AB247-30DB-4039-B942-3DABFBA8C8D9}"
EndProject
Project("{FAE04EC0-301F-11D3-BF4B-00C04F79EFBC}") = "LAB_5", "LAB_5\LAB_5.csproj", "{46404496-9FCA-4AD0-9874-8743281C7F2A}"
EndProject
Project("{FAE04EC0-301F-11D3-BF4B-00C04F79EFBC}") = "LAB_6", "LAB_6\LAB_6.csproj", "{63558F74-385E-405E-AE0F-A5D33931FDA7}"
EndProject
Project("{FAE04EC0-301F-11D3-BF4B-00C04F79EFBC}") = "LAB_7", "LAB_7\LAB_7.csproj", "{944822C1-50DB-48A0-83D3-1BD2393DB55B}"
EndProject
Project("{FAE04EC0-301F-11D3-BF4B-00C04F79EFBC}") = "LAB_8", "LAB_8\LAB_8.csproj", "{D94090A6-15E2-4CC8-95F2-3BBD1433A65C}"
EndProject
Project("{FAE04EC0-301F-11D3-BF4B-00C04F79EFBC}") = "LAB_9", "LAB_9\LAB_9.csproj", "{2F95F5E0-E465-4598-B4E6-184EF4DA1BB4}"
EndProject
Project("{FAE04EC0-301F-11D3-BF4B-00C04F79EFBC}") = "LAB_10", "LAB_10\LAB_10.csproj", "{82987936-D23D-4242-91E9-66F70F37D683}"
EndProject
Project("{FAE04EC0-301F-11D3-BF4B-00C04F79EFBC}") = "LAB_11", "LAB_11\LAB_11.csproj", "{6708D42B-08A2-4B86-8C51-E3E3017398F5}"
EndProject
Project("{FAE04EC0-301F-11D3-BF4B-00C04F79EFBC}") = "LAB_12", "LAB_12\LAB_12.csproj", "{981F84E6-9377-4BDF-AD41-4C4C1018C4D2}"
EndProject
Project("{FAE04EC0-301F-11D3-BF4B-00C04F79EFBC}") = "LAB_13", "LAB_13\LAB_13.csproj", "{239D3AB7-E4DD-4ADE-ABD4-F3FB9B959A4C}"
EndProject
Project("{FAE04EC0-301F-11D3-BF4B-00C04F79EFBC}") = "LAB_14", "LAB_14\LAB_14.csproj", "{986D35CD-87B7-401D-BB68-AA1AF2AAC216}"
EndProject
Project("{FAE04EC0-301F-11D3-BF4B-00C04F79EFBC}") = "LAB_15", "LAB_15\LAB_15.csproj", "{9AF99168-4E0F-4D50-8B42-2AED46E321C6}"
EndProject
Project("{FAE04EC0-301F-11D3-BF4B-00C04F79EFBC}") = "LAB_16", "LAB_16\LAB_16.csproj", "{4964E4D0-2421-4EEB-A961-3EE6B9E0AE60}"
EndProject
Project("{FAE04EC0-301F-11D3-BF4B-00C04F79EFBC}") = "LAB_17", "LAB_17\LAB_17.csproj", "{A13034BB-D0C6-47EC-8A61-E0C72A870647}"
EndProject
Project("{FAE04EC0-301F-11D3-BF4B-00C04F79EFBC}") = "LAB_18", "LAB_18\LAB_18.csproj", "{691F8666-9D4A-4C61-A21B-8E586A08F06C}"
EndProject
Project("{FAE04EC0-301F-11D3-BF4B-00C04F79EFBC}") = "LAB_21", "LAB_21\LAB_21.csproj", "{BE1973A9-B75D-4D5A-9C39-C517BDB5985C}"
EndProject
Project("{FAE04EC0-301F-11D3-BF4B-00C04F79EFBC}") = "LAB_22", "LAB_22\LAB_22.csproj", "{379A4E0A-1153-46A0-AA63-2353042B9400}"
EndProject
Project("{FAE04EC0-301F-11D3-BF4B-00C04F79EFBC}") = "LAB_23", "LAB_23\LAB_23.csproj", "{DD59E506-A63C-46FE-AA6D-87E9A0C30ADF}"
EndProject
Project("{FAE04EC0-301F-11D3-BF4B-00C04F79EFBC}") = "LAB_24", "LAB_24\LAB_24.csproj", "{90791E45-CB8A-4EFF-91AF-36295DC23466}"
EndProject
Project("{FAE04EC0-301F-11D3-BF4B-00C04F79EFBC}") = "LAB_25", "LAB_25\LAB_25.csproj", "{A60B0536-731D-4656-AFAE-C6F24A4FBD27}"
EndProject
Global
	GlobalSection(SolutionConfigurationPlatforms) = preSolution
		Debug|Any CPU = Debug|Any CPU
		Debug|x64 = Debug|x64
		Debug|x86 = Debug|x86
		Release|Any CPU = Release|Any CPU
		Release|x64 = Release|x64
		Release|x86 = Release|x86
	EndGlobalSection
	GlobalSection(ProjectConfigurationPlatforms) = postSolution
		{0D9C58E0-F9A5-48B6-ADEE-BA6B7ABC9EDD}.Debug|Any CPU.ActiveCfg = Debug|Any CPU
		{0D9C58E0-F9A5-48B6-ADEE-BA6B7ABC9EDD}.Debug|Any CPU.Build.0 = Debug|Any CPU
		{0D9C58E0-F9A5-48B6-ADEE-BA6B7ABC9EDD}.Debug|x64.ActiveCfg = Debug|Any CPU
		{0D9C58E0-F9A5-48B6-ADEE-BA6B7ABC9EDD}.Debug|x64.Build.0 = Debug|Any CPU
		{0D9C58E0-F9A5-48B6-ADEE-BA6B7ABC9EDD}.Debug|x86.ActiveCfg = Debug|Any CPU
		{0D9C58E0-F9A5-48B6-ADEE-BA6B7ABC9EDD}.Debug|x86.Build.0 = Debug|Any CPU
		{0D9C58E0-F9A5-48B6-ADEE-BA6B7ABC9EDD}.Release|Any CPU.ActiveCfg = Release|Any CPU
		{0D9C58E0-F9A5-48B6-ADEE-BA6B7ABC9EDD}.Release|Any CPU.Build.0 = Release|Any CPU
		{0D9C58E0-F9A5-48B6-ADEE-BA6B7ABC9EDD}.Release|x64.ActiveCfg = Release|Any CPU
		{0D9C58E0-F9A5-48B6-ADEE-BA6B7ABC9EDD}.Release|x64.Build.0 = Release|Any CPU
		{0D9C58E0-F9A5-48B6-ADEE-BA6B7ABC9EDD}.Release|x86.ActiveCfg = Release|Any CPU
		{0D9C58E0-F9A5-48B6-ADEE-BA6B7ABC9EDD}.Release|x86.Build.0 = Release|Any CPU
		{E93F1B30-92E9-444F-98C3-F07C41CB7E19}.Debug|Any CPU.ActiveCfg = Debug|Any CPU
		{E93F1B30-92E9-444F-98C3-F07C41CB7E19}.Debug|Any CPU.Build.0 = Debug|Any CPU
		{E93F1B30-92E9-444F-98C3-F07C41CB7E19}.Debug|x64.ActiveCfg = Debug|Any CPU
		{E93F1B30-92E9-444F-98C3-F07C41CB7E19}.Debug|x64.Build.0 = Debug|Any CPU
		{E93F1B30-92E9-444F-98C3-F07C41CB7E19}.Debug|x86.ActiveCfg = Debug|Any CPU
		{E93F1B30-92E9-444F-98C3-F07C41CB7E19}.Debug|x86.Build.0 = Debug|Any CPU
		{E93F1B30-92E9-444F-98C3-F07C41CB7E19}.Release|Any CPU.ActiveCfg = Release|Any CPU
		{E93F1B30-92E9-444F-98C3-F07C41CB7E19}.Release|Any CPU.Build.0 = Release|Any CPU
		{E93F1B30-92E9-444F-98C3-F07C41CB7E19}.Release|x64.ActiveCfg = Release|Any CPU
		{E93F1B30-92E9-444F-98C3-F07C41CB7E19}.Release|x64.Build.0 = Release|Any CPU
		{E93F1B30-92E9-444F-98C3-F07C41CB7E19}.Release|x86.ActiveCfg = Release|Any CPU
		{E93F1B30-92E9-444F-98C3-F07C41CB7E19}.Release|x86.Build.0 = Release|Any CPU
		{C73AB247-30DB-4039-B942-3DABFBA8C8D9}.Debug|Any CPU.ActiveCfg = Debug|Any CPU
		{C73AB247-30DB-4039-B942-3DABFBA8C8D9}.Debug|Any CPU.Build.0 = Debug|Any CPU
		{C73AB247-30DB-4039-B942-3DABFBA8C8D9}.Debug|x64.ActiveCfg = Debug|Any CPU
		{C73AB247-30DB-4039-B942-3DABFBA8C8D9}.Debug|x64.Build.0 = Debug|Any CPU
		{C73AB247-30DB-4039-B942-3DABFBA8C8D9}.Debug|x86.ActiveCfg = Debug|Any CPU
		{C73AB247-30DB-4039-B942-3DABFBA8C8D9}.Debug|x86.Build.0 = Debug|Any CPU
		{C73AB247-30DB-4039-B942-3DABFBA8C8D9}.Release|Any CPU.ActiveCfg = Release|Any CPU
		{C73AB247-30DB-4039-B942-3DABFBA8C8D9}.Release|Any CPU.Build.0 = Release|Any CPU
		{C73AB247-30DB-4039-B942-3DABFBA8C8D9}.Release|x64.ActiveCfg = Release|Any CPU
		{C73AB247-30DB-4039-B942-3DABFBA8C8D9}.Release|x64.Build.0 = Release|Any CPU
		{C73AB247-30DB-4039-B942-3DABFBA8C8D9}.Release|x86.ActiveCfg = Release|Any CPU
		{C73AB247-30DB-4039-B942-3DABFBA8C8D9}.Release|x86.Build.0 = Release|Any CPU
		{46404496-9FCA-4AD0-9874-8743281C7F2A}.Debug|Any CPU.ActiveCfg = Debug|Any CPU
		{46404496-9FCA-4AD0-9874-8743281C7F2A}.Debug|Any CPU.Build.0 = Debug|Any CPU
		{46404496-9FCA-4AD0-9874-8743281C7F2A}.Debug|x64.ActiveCfg = Debug|Any CPU
		{46404496-9FCA-4AD0-9874-8743281C7F2A}.Debug|x64.Build.0 = Debug|Any CPU
		{46404496-9FCA-4AD0-9874-8743281C7F2A}.Debug|x86.ActiveCfg = Debug|Any CPU
		{46404496-9FCA-4AD0-9874-8743281C7F2A}.Debug|x86.Build.0 = Debug|Any CPU
		{46404496-9FCA-4AD0-9874-8743281C7F2A}.Release|Any CPU.ActiveCfg = Release|Any CPU
		{46404496-9FCA-4AD0-9874-8743281C7F2A}.Release|Any CPU.Build.0 = Release|Any CPU
		{46404496-9FCA-4AD0-9874-8743281C7F2A}.Release|x64.ActiveCfg = Release|Any CPU
		{46404496-9FCA-4AD0-9874-8743281C7F2A}.Release|x64.Build.0 = Release|Any CPU
		{46404496-9FCA-4AD0-9874-8743281C7F2A}.Release|x86.ActiveCfg = Release|Any CPU
		{46404496-9FCA-4AD0-9874-8743281C7F2A}.Release|x86.Build.0 = Release|Any CPU
		{63558F74-385E-405E-AE0F-A5D33931FDA7}.Debug|Any CPU.ActiveCfg = Debug|Any CPU
		{63558F74-385E-405E-AE0F-A5D33931FDA7}.Debug|Any CPU.Build.0 = Debug|Any CPU
		{63558F74-385E-405E-AE0F-A5D33931FDA7}.Debug|x64.ActiveCfg = Debug|Any CPU
		{63558F74-385E-405E-AE0F-A5D33931FDA7}.Debug|x64.Build.0 = Debug|Any CPU
		{63558F74-385E-405E-AE0F-A5D33931FDA7}.Debug|x86.ActiveCfg = Debug|Any CPU
		{63558F74-385E-405E-AE0F-A5D33931FDA7}.Debug|x86.Build.0 = Debug|Any CPU
		{63558F74-385E-405E-AE0F-A5D33931FDA7}.Release|Any CPU.ActiveCfg = Release|Any CPU
		{63558F74-385E-405E-AE0F-A5D33931FDA7}.Release|Any CPU.Build.0 = Release|Any CPU
		{63558F74-385E-405E-AE0F-A5D33931FDA7}.Release|x64.ActiveCfg = Release|Any CPU
		{63558F74-385E-405E-AE0F-A5D33931FDA7}.Release|x64.Build.0 = Release|Any CPU
		{63558F74-385E-405E-AE0F-A5D33931FDA7}.Release|x86.ActiveCfg = Release|Any CPU
		{63558F74-385E-405E-AE0F-A5D33931FDA7}.Release|x86.Build.0 = Release|Any CPU
		{944822C1-50DB-48A0-83D3-1BD2393DB55B}.Debug|Any CPU.ActiveCfg = Debug|Any CPU
		{944822C1-50DB-48A0-83D3-1BD2393DB55B}.Debug|Any CPU.Build.0 = Debug|Any CPU
		{944822C1-50DB-48A0-83D3-1BD2393DB55B}.Debug|x64.ActiveCfg = Debug|Any CPU
		{944822C1-50DB-48A0-83D3-1BD2393DB55B}.Debug|x64.Build.0 = Debug|Any CPU
		{944822C1-50DB-48A0-83D3-1BD2393DB55B}.Debug|x86.ActiveCfg = Debug|Any CPU
		{944822C1-50DB-48A0-83D3-1BD2393DB55B}.Debug|x86.Build.0 = Debug|Any CPU
		{944822C1-50DB-48A0-83D3-1BD2393DB55B}.Release|Any CPU.ActiveCfg = Release|Any CPU
		{944822C1-50DB-48A0-83D3-1BD2393DB55B}.Release|Any CPU.Build.0 = Release|Any CPU
		{944822C1-50DB-48A0-83D3-1BD2393DB55B}.Release|x64.ActiveCfg = Release|Any CPU
		{944822C1-50DB-48A0-83D3-1BD2393DB55B}.Release|x64.Build.0 = Release|Any CPU
		{944822C1-50DB-48A0-83D3-1BD2393DB55B}.Release|x86.ActiveCfg = Release|Any CPU
		{944822C1-50DB-48A0-83D3-1BD2393DB55B}.Release|x86.Build.0 = Release|Any CPU
		{D94090A6-15E2-4CC8-95F2-3BBD1433A65C}.Debug|Any CPU.ActiveCfg = Debug|Any CPU
		{D94090A6-15E2-4CC8-95F2-3BBD1433A65C}.Debug|Any CPU.Build.0 = Debug|Any CPU
		{D94090A6-15E2-4CC8-95F2-3BBD1433A65C}.Debug|x64.ActiveCfg = Debug|Any CPU
		{D94090A6-15E2-4CC8-95F2-3BBD1433A65C}.Debug|x64.Build.0 = Debug|Any CPU
		{D94090A6-15E2-4CC8-95F2-3BBD1433A65C}.Debug|x86.ActiveCfg = Debug|Any CPU
		{D94090A6-15E2-4CC8-95F2-3BBD1433A65C}.Debug|x86.Build.0 = Debug|Any CPU
		{D94090A6-15E2-4CC8-95F2-3BBD1433A65C}.Release|Any CPU.ActiveCfg = Release|Any CPU
		{D94090A6-15E2-4CC8-95F2-3BBD1433A65C}.Release|Any CPU.Build.0 = Release|Any CPU
		{D94090A6-15E2-4CC8-95F2-3BBD1433A65C}.Release|x64.ActiveCfg = Release|Any CPU
		{D94090A6-15E2-4CC8-95F2-3BBD1433A65C}.Release|x64.Build.0 = Release|Any CPU
		{D94090A6-15E2-4CC8-95F2-3BBD1433A65C}.Release|x86.ActiveCfg = Release|Any CPU
		{D94090A6-15E2-4CC8-95F2-3BBD1433A65C}.Release|x86.Build.0 = Release|Any CPU
		{2F95F5E0-E465-4598-B4E6-184EF4DA1BB4}.Debug|Any CPU.ActiveCfg = Debug|Any CPU
		{2F95F5E0-E465-4598-B4E6-184EF4DA1BB4}.Debug|Any CPU.Build.0 = Debug|Any CPU
		{2F95F5E0-E465-4598-B4E6-184EF4DA1BB4}.Debug|x64.ActiveCfg = Debug|Any CPU
		{2F95F5E0-E465-4598-B4E6-184EF4DA1BB4}.Debug|x64.Build.0 = Debug|Any CPU
		{2F95F5E0-E465-4598-B4E6-184EF4DA1BB4}.Debug|x86.ActiveCfg = Debug|Any CPU
		{2F95F5E0-E465-4598-B4E6-184EF4DA1BB4}.Debug|x86.Build.0 = Debug|Any CPU
		{2F95F5E0-E465-4598-B4E6-184EF4DA1BB4}.Release|Any CPU.ActiveCfg = Release|Any CPU
		{2F95F5E0-E465-4598-B4E6-184EF4DA1BB4}.Release|Any CPU.Build.0 = Release|Any CPU
		{2F95F5E0-E465-4598-B4E6-184EF4DA1BB4}.Release|x64.ActiveCfg = Release|Any CPU
		{2F95F5E0-E465-4598-B4E6-184EF4DA1BB4}.Release|x64.Build.0 = Release|Any CPU
		{2F95F5E0-E465-4598-B4E6-184EF4DA1BB4}.Release|x86.ActiveCfg = Release|Any CPU
		{2F95F5E0-E465-4598-B4E6-184EF4DA1BB4}.Release|x86.Build.0 = Release|Any CPU
		{82987936-D23D-4242-91E9-66F70F37D683}.Debug|Any CPU.ActiveCfg = Debug|Any CPU
		{82987936-D23D-4242-91E9-66F70F37D683}.Debug|Any CPU.Build.0 = Debug|Any CPU
		{82987936-D23D-4242-91E9-66F70F37D683}.Debug|x64.ActiveCfg = Debug|Any CPU
		{82987936-D23D-4242-91E9-66F70F37D683}.Debug|x64.Build.0 = Debug|Any CPU
		{82987936-D23D-4242-91E9-66F70F37D683}.Debug|x86.ActiveCfg = Debug|Any CPU
		{82987936-D23D-4242-91E9-66F70F37D683}.Debug|x86.Build.0 = Debug|Any CPU
		{82987936-D23D-4242-91E9-66F70F37D683}.Release|Any CPU.ActiveCfg = Release|Any CPU
		{82987936-D23D-4242-91E9-66F70F37D683}.Release|Any CPU.Build.0 = Release|Any CPU
		{82987936-D23D-4242-91E9-66F70F37D683}.Release|x64.ActiveCfg = Release|Any CPU
		{82987936-D23D-4242-91E9-66F70F37D683}.Release|x64.Build.0 = Release|Any CPU
		{82987936-D23D-4242-91E9-66F70F37D683}.Release|x86.ActiveCfg = Release|Any CPU
		{82987936-D23D-4242-91E9-66F70F37D683}.Release|x86.Build.0 = Release|Any CPU
		{6708D42B-08A2-4B86-8C51-E3E3017398F5}.Debug|Any CPU.ActiveCfg = Debug|Any CPU
		{6708D42B-08A2-4B86-8C51-E3E3017398F5}.Debug|Any CPU.Build.0 = Debug|Any CPU
		{6708D42B-08A2-4B86-8C51-E3E3017398F5}.Debug|x64.ActiveCfg = Debug|Any CPU
		{6708D42B-08A2-4B86-8C51-E3E3017398F5}.Debug|x64.Build.0 = Debug|Any CPU
		{6708D42B-08A2-4B86-8C51-E3E3017398F5}.Debug|x86.ActiveCfg = Debug|Any CPU
		{6708D42B-08A2-4B86-8C51-E3E3017398F5}.Debug|x86.Build.0 = Debug|Any CPU
		{6708D42B-08A2-4B86-8C51-E3E3017398F5}.Release|Any CPU.ActiveCfg = Release|Any CPU
		{6708D42B-08A2-4B86-8C51-E3E3017398F5}.Release|Any CPU.Build.0 = Release|Any CPU
		{6708D42B-08A2-4B86-8C51-E3E3017398F5}.Release|x64.ActiveCfg = Release|Any CPU
		{6708D42B-08A2-4B86-8C51-E3E3017398F5}.Release|x64.Build.0 = Release|Any CPU
		{6708D42B-08A2-4B86-8C51-E3E3017398F5}.Release|x86.ActiveCfg = Release|Any CPU
		{6708D42B-08A2-4B86-8C51-E3E3017398F5}.Release|x86.Build.0 = Release|Any CPU
		{981F84E6-9377-4BDF-AD41-4C4C1018C4D2}.Debug|Any CPU.ActiveCfg = Debug|Any CPU
		{981F84E6-9377-4BDF-AD41-4C4C1018C4D2}.Debug|Any CPU.Build.0 = Debug|Any CPU
		{981F84E6-9377-4BDF-AD41-4C4C1018C4D2}.Debug|x64.ActiveCfg = Debug|Any CPU
		{981F84E6-9377-4BDF-AD41-4C4C1018C4D2}.Debug|x64.Build.0 = Debug|Any CPU
		{981F84E6-9377-4BDF-AD41-4C4C1018C4D2}.Debug|x86.ActiveCfg = Debug|Any CPU
		{981F84E6-9377-4BDF-AD41-4C4C1018C4D2}.Debug|x86.Build.0 = Debug|Any CPU
		{981F84E6-9377-4BDF-AD41-4C4C1018C4D2}.Release|Any CPU.ActiveCfg = Release|Any CPU
		{981F84E6-9377-4BDF-AD41-4C4C1018C4D2}.Release|Any CPU.Build.0 = Release|Any CPU
		{981F84E6-9377-4BDF-AD41-4C4C1018C4D2}.Release|x64.ActiveCfg = Release|Any CPU
		{981F84E6-9377-4BDF-AD41-4C4C1018C4D2}.Release|x64.Build.0 = Release|Any CPU
		{981F84E6-9377-4BDF-AD41-4C4C1018C4D2}.Release|x86.ActiveCfg = Release|Any CPU
		{981F84E6-9377-4BDF-AD41-4C4C1018C4D2}.Release|x86.Build.0 = Release|Any CPU
		{239D3AB7-E4DD-4ADE-ABD4-F3FB9B959A4C}.Debug|Any CPU.ActiveCfg = Debug|Any CPU
		{239D3AB7-E4DD-4ADE-ABD4-F3FB9B959A4C}.Debug|Any CPU.Build.0 = Debug|Any CPU
		{239D3AB7-E4DD-4ADE-ABD4-F3FB9B959A4C}.Debug|x64.ActiveCfg = Debug|Any CPU
		{239D3AB7-E4DD-4ADE-ABD4-F3FB9B959A4C}.Debug|x64.Build.0 = Debug|Any CPU
		{239D3AB7-E4DD-4ADE-ABD4-F3FB9B959A4C}.Debug|x86.ActiveCfg = Debug|Any CPU
		{239D3AB7-E4DD-4ADE-ABD4-F3FB9B959A4C}.Debug|x86.Build.0 = Debug|Any CPU
		{239D3AB7-E4DD-4ADE-ABD4-F3FB9B959A4C}.Release|Any CPU.ActiveCfg = Release|Any CPU
		{239D3AB7-E4DD-4ADE-ABD4-F3FB9B959A4C}.Release|Any CPU.Build.0 = Release|Any CPU
		{239D3AB7-E4DD-4ADE-ABD4-F3FB9B959A4C}.Release|x64.ActiveCfg = Release|Any CPU
		{239D3AB7-E4DD-4ADE-ABD4-F3FB9B959A4C}.Release|x64.Build.0 = Release|Any CPU
		{239D3AB7-E4DD-4ADE-ABD4-F3FB9B959A4C}.Release|x86.ActiveCfg = Release|Any CPU
		{239D3AB7-E4DD-4ADE-ABD4-F3FB9B959A4C}.Release|x86.Build.0 = Release|Any CPU
		{986D35CD-87B7-401D-BB68-AA1AF2AAC216}.Debug|Any CPU.ActiveCfg = Debug|Any CPU
		{986D35CD-87B7-401D-BB68-AA1AF2AAC216}.Debug|Any CPU.Build.0 = Debug|Any CPU
		{986D35CD-87B7-401D-BB68-AA1AF2AAC216}.Debug|x64.ActiveCfg = Debug|Any CPU
		{986D35CD-87B7-401D-BB68-AA1AF2AAC216}.Debug|x64.Build.0 = Debug|Any CPU
		{986D35CD-87B7-401D-BB68-AA1AF2AAC216}.Debug|x86.ActiveCfg = Debug|Any CPU
		{986D35CD-87B7-401D-BB68-AA1AF2AAC216}.Debug|x86.Build.0 = Debug|Any CPU
		{986D35CD-87B7-401D-BB68-AA1AF2AAC216}.Release|Any CPU.ActiveCfg = Release|Any CPU
		{986D35CD-87B7-401D-BB68-AA1AF2AAC216}.Release|Any CPU.Build.0 = Release|Any CPU
		{986D35CD-87B7-401D-BB68-AA1AF2AAC216}.Release|x64.ActiveCfg = Release|Any CPU
		{986D35CD-87B7-401D-BB68-AA1AF2AAC216}.Release|x64.Build.0 = Release|Any CPU
		{986D35CD-87B7-401D-BB68-AA1AF2AAC216}.Release|x86.ActiveCfg = Release|Any CPU
		{986D35CD-87B7-401D-BB68-AA1AF2AAC216}.Release|x86.Build.0 = Release|Any CPU
		{9AF99168-4E0F-4D50-8B42-2AED46E321C6}.Debug|Any CPU.ActiveCfg = Debug|Any CPU
		{9AF99168-4E0F-4D50-8B42-2AED46E321C6}.Debug|Any CPU.Build.0 = Debug|Any CPU
		{9AF99168-4E0F-4D50-8B42-2AED46E321C6}.Debug|x64.ActiveCfg = Debug|Any CPU
		{9AF99168-4E0F-4D50-8B42-2AED46E321C6}.Debug|x64.Build.0 = Debug|Any CPU
		{9AF99168-4E0F-4D50-8B42-2AED46E321C6}.Debug|x86.ActiveCfg = Debug|Any CPU
		{9AF99168-4E0F-4D50-8B42-2AED46E321C6}.Debug|x86.Build.0 = Debug|Any CPU
		{9AF99168-4E0F-4D50-8B42-2AED46E321C6}.Release|Any CPU.ActiveCfg = Release|Any CPU
		{9AF99168-4E0F-4D50-8B42-2AED46E321C6}.Release|Any CPU.Build.0 = Release|Any CPU
		{9AF99168-4E0F-4D50-8B42-2AED46E321C6}.Release|x64.ActiveCfg = Release|Any CPU
		{9AF99168-4E0F-4D50-8B42-2AED46E321C6}.Release|x64.Build.0 = Release|Any CPU
		{9AF99168-4E0F-4D50-8B42-2AED46E321C6}.Release|x86.ActiveCfg = Release|Any CPU
		{9AF99168-4E0F-4D50-8B42-2AED46E321C6}.Release|x86.Build.0 = Release|Any CPU
		{4964E4D0-2421-4EEB-A961-3EE6B9E0AE60}.Debug|Any CPU.ActiveCfg = Debug|Any CPU
		{4964E4D0-2421-4EEB-A961-3EE6B9E0AE60}.Debug|Any CPU.Build.0 = Debug|Any CPU
		{4964E4D0-2421-4EEB-A961-3EE6B9E0AE60}.Debug|x64.ActiveCfg = Debug|Any CPU
		{4964E4D0-2421-4EEB-A961-3EE6B9E0AE60}.Debug|x64.Build.0 = Debug|Any CPU
		{4964E4D0-2421-4EEB-A961-3EE6B9E0AE60}.Debug|x86.ActiveCfg = Debug|Any CPU
		{4964E4D0-2421-4EEB-A961-3EE6B9E0AE60}.Debug|x86.Build.0 = Debug|Any CPU
		{4964E4D0-2421-4EEB-A961-3EE6B9E0AE60}.Release|Any CPU.ActiveCfg = Release|Any CPU
		{4964E4D0-2421-4EEB-A961-3EE6B9E0AE60}.Release|Any CPU.Build.0 = Release|Any CPU
		{4964E4D0-2421-4EEB-A961-3EE6B9E0AE60}.Release|x64.ActiveCfg = Release|Any CPU
		{4964E4D0-2421-4EEB-A961-3EE6B9E0AE60}.Release|x64.Build.0 = Release|Any CPU
		{4964E4D0-2421-4EEB-A961-3EE6B9E0AE60}.Release|x86.ActiveCfg = Release|Any CPU
		{4964E4D0-2421-4EEB-A961-3EE6B9E0AE60}.Release|x86.Build.0 = Release|Any CPU
		{A13034BB-D0C6-47EC-8A61-E0C72A870647}.Debug|Any CPU.ActiveCfg = Debug|Any CPU
		{A13034BB-D0C6-47EC-8A61-E0C72A870647}.Debug|Any CPU.Build.0 = Debug|Any CPU
		{A13034BB-D0C6-47EC-8A61-E0C72A870647}.Debug|x64.ActiveCfg = Debug|Any CPU
		{A13034BB-D0C6-47EC-8A61-E0C72A870647}.Debug|x64.Build.0 = Debug|Any CPU
		{A13034BB-D0C6-47EC-8A61-E0C72A870647}.Debug|x86.ActiveCfg = Debug|Any CPU
		{A13034BB-D0C6-47EC-8A61-E0C72A870647}.Debug|x86.Build.0 = Debug|Any CPU
		{A13034BB-D0C6-47EC-8A61-E0C72A870647}.Release|Any CPU.ActiveCfg = Release|Any CPU
		{A13034BB-D0C6-47EC-8A61-E0C72A870647}.Release|Any CPU.Build.0 = Release|Any CPU
		{A13034BB-D0C6-47EC-8A61-E0C72A870647}.Release|x64.ActiveCfg = Release|Any CPU
		{A13034BB-D0C6-47EC-8A61-E0C72A870647}.Release|x64.Build.0 = Release|Any CPU
		{A13034BB-D0C6-47EC-8A61-E0C72A870647}.Release|x86.ActiveCfg = Release|Any CPU
		{A13034BB-D0C6-47EC-8A61-E0C72A870647}.Release|x86.Build.0 = Release|Any CPU
		{691F8666-9D4A-4C61-A21B-8E586A08F06C}.Debug|Any CPU.ActiveCfg = Debug|Any CPU
		{691F8666-9D4A-4C61-A21B-8E586A08F06C}.Debug|Any CPU.Build.0 = Debug|Any CPU
		{691F8666-9D4A-4C61-A21B-8E586A08F06C}.Debug|x64.ActiveCfg = Debug|Any CPU
		{691F8666-9D4A-4C61-A21B-8E586A08F06C}.Debug|x64.Build.0 = Debug|Any CPU
		{691F8666-9D4A-4C61-A21B-8E586A08F06C}.Debug|x86.ActiveCfg = Debug|Any CPU
		{691F8666-9D4A-4C61-A21B-8E586A08F06C}.Debug|x86.Build.0 = Debug|Any CPU
		{691F8666-9D4A-4C61-A21B-8E586A08F06C}.Release|Any CPU.ActiveCfg = Release|Any CPU
		{691F8666-9D4A-4C61-A21B-8E586A08F06C}.Release|Any CPU.Build.0 = Release|Any CPU
		{691F8666-9D4A-4C61-A21B-8E586A08F06C}.Release|x64.ActiveCfg = Release|Any CPU
		{691F8666-9D4A-4C61-A21B-8E586A08F06C}.Release|x64.Build.0 = Release|Any CPU
		{691F8666-9D4A-4C61-A21B-8E586A08F06C}.Release|x86.ActiveCfg = Release|Any CPU
		{691F8666-9D4A-4C61-A21B-8E586A08F06C}.Release|x86.Build.0 = Release|Any CPU
		{BE1973A9-B75D-4D5A-9C39-C517BDB5985C}.Debug|Any CPU.ActiveCfg = Debug|Any CPU
		{BE1973A9-B75D-4D5A-9C39-C517BDB5985C}.Debug|Any CPU.Build.0 = Debug|Any CPU
		{BE1973A9-B75D-4D5A-9C39-C517BDB5985C}.Debug|x64.ActiveCfg = Debug|Any CPU
		{BE1973A9-B75D-4D5A-9C39-C517BDB5985C}.Debug|x64.Build.0 = Debug|Any CPU
		{BE1973A9-B75D-4D5A-9C39-C517BDB5985C}.Debug|x86.ActiveCfg = Debug|Any CPU
		{BE1973A9-B75D-4D5A-9C39-C517BDB5985C}.Debug|x86.Build.0 = Debug|Any CPU
		{BE1973A9-B75D-4D5A-9C39-C517BDB5985C}.Release|Any CPU.ActiveCfg = Release|Any CPU
		{BE1973A9-B75D-4D5A-9C39-C517BDB5985C}.Release|Any CPU.Build.0 = Release|Any CPU
		{BE1973A9-B75D-4D5A-9C39-C517BDB5985C}.Release|x64.ActiveCfg = Release|Any CPU
		{BE1973A9-B75D-4D5A-9C39-C517BDB5985C}.Release|x64.Build.0 = Release|Any CPU
		{BE1973A9-B75D-4D5A-9C39-C517BDB5985C}.Release|x86.ActiveCfg = Release|Any CPU
		{BE1973A9-B75D-4D5A-9C39-C517BDB5985C}.Release|x86.Build.0 = Release|Any CPU
		{379A4E0A-1153-46A0-AA63-2353042B9400}.Debug|Any CPU.ActiveCfg = Debug|Any CPU
		{379A4E0A-1153-46A0-AA63-2353042B9400}.Debug|Any CPU.Build.0 = Debug|Any CPU
		{379A4E0A-1153-46A0-AA63-2353042B9400}.Debug|x64.ActiveCfg = Debug|Any CPU
		{379A4E0A-1153-46A0-AA63-2353042B9400}.Debug|x64.Build.0 = Debug|Any CPU
		{379A4E0A-1153-46A0-AA63-2353042B9400}.Debug|x86.ActiveCfg = Debug|Any CPU
		{379A4E0A-1153-46A0-AA63-2353042B9400}.Debug|x86.Build.0 = Debug|Any CPU
		{379A4E0A-1153-46A0-AA63-2353042B9400}.Release|Any CPU.ActiveCfg = Release|Any CPU
		{379A4E0A-1153-46A0-AA63-2353042B9400}.Release|Any CPU.Build.0 = Release|Any CPU
		{379A4E0A-1153-46A0-AA63-2353042B9400}.Release|x64.ActiveCfg = Release|Any CPU
		{379A4E0A-1153-46A0-AA63-2353042B9400}.Release|x64.Build.0 = Release|Any CPU
		{379A4E0A-1153-46A0-AA63-2353042B9400}.Release|x86.ActiveCfg = Release|Any CPU
		{379A4E0A-1153-46A0-AA63-2353042B9400}.Release|x86.Build.0 = Release|Any CPU
		{DD59E506-A63C-46FE-AA6D-87E9A0C30ADF}.Debug|Any CPU.ActiveCfg = Debug|Any CPU
		{DD59E506-A63C-46FE-AA6D-87E9A0C30ADF}.Debug|Any CPU.Build.0 = Debug|Any CPU
		{DD59E506-A63C-46FE-AA6D-87E9A0C30ADF}.Debug|x64.ActiveCfg = Debug|Any CPU
		{DD59E506-A63C-46FE-AA6D-87E9A0C30ADF}.Debug|x64.Build.0 = Debug|Any CPU
		{DD59E506-A63C-46FE-AA6D-87E9A0C30ADF}.Debug|x86.ActiveCfg = Debug|Any CPU
		{DD59E506-A63C-46FE-AA6D-87E9A0C30ADF}.Debug|x86.Build.0 = Debug|Any CPU
		{DD59E506-A63C-46FE-AA6D-87E9A0C30ADF}.Release|Any CPU.ActiveCfg = Release|Any CPU
		{DD59E506-A63C-46FE-AA6D-87E9A0C30ADF}.Release|Any CPU.Build.0 = Release|Any CPU
		{DD59E506-A63C-46FE-AA6D-87E9A0C30ADF}.Release|x64.ActiveCfg = Release|Any CPU
		{DD59E506-A63C-46FE-AA6D-87E9A0C30ADF}.Release|x64.Build.0 = Release|Any CPU
		{DD59E506-A63C-46FE-AA6D-87E9A0C30ADF}.Release|x86.ActiveCfg = Release|Any CPU
		{DD59E506-A63C-46FE-AA6D-87E9A0C30ADF}.Release|x86.Build.0 = Release|Any CPU
		{90791E45-CB8A-4EFF-91AF-36295DC23466}.Debug|Any CPU.ActiveCfg = Debug|Any CPU
		{90791E45-CB8A-4EFF-91AF-36295DC23466}.Debug|Any CPU.Build.0 = Debug|Any CPU
		{90791E45-CB8A-4EFF-91AF-36295DC23466}.Debug|x64.ActiveCfg = Debug|Any CPU
		{90791E45-CB8A-4EFF-91AF-36295DC23466}.Debug|x64.Build.0 = Debug|Any CPU
		{90791E45-CB8A-4EFF-91AF-36295DC23466}.Debug|x86.ActiveCfg = Debug|Any CPU
		{90791E45-CB8A-4EFF-91AF-36295DC23466}.Debug|x86.Build.0 = Debug|Any CPU
		{90791E45-CB8A-4EFF-91AF-36295DC23466}.Release|Any CPU.ActiveCfg = Release|Any CPU
		{90791E45-CB8A-4EFF-91AF-36295DC23466}.Release|Any CPU.Build.0 = Release|Any CPU
		{90791E45-CB8A-4EFF-91AF-36295DC23466}.Release|x64.ActiveCfg = Release|Any CPU
		{90791E45-CB8A-4EFF-91AF-36295DC23466}.Release|x64.Build.0 = Release|Any CPU
		{90791E45-CB8A-4EFF-91AF-36295DC23466}.Release|x86.ActiveCfg = Release|Any CPU
		{90791E45-CB8A-4EFF-91AF-36295DC23466}.Release|x86.Build.0 = Release|Any CPU
		{A60B0536-731D-4656-AFAE-C6F24A4FBD27}.Debug|Any CPU.ActiveCfg = Debug|Any CPU
		{A60B0536-731D-4656-AFAE-C6F24A4FBD27}.Debug|Any CPU.Build.0 = Debug|Any CPU
		{A60B0536-731D-4656-AFAE-C6F24A4FBD27}.Debug|x64.ActiveCfg = Debug|Any CPU
		{A60B0536-731D-4656-AFAE-C6F24A4FBD27}.Debug|x64.Build.0 = Debug|Any CPU
		{A60B0536-731D-4656-AFAE-C6F24A4FBD27}.Debug|x86.ActiveCfg = Debug|Any CPU
		{A60B0536-731D-4656-AFAE-C6F24A4FBD27}.Debug|x86.Build.0 = Debug|Any CPU
		{A60B0536-731D-4656-AFAE-C6F24A4FBD27}.Release|Any CPU.ActiveCfg = Release|Any CPU
		{A60B0536-731D-4656-AFAE-C6F24A4FBD27}.Release|Any CPU.Build.0 = Release|Any CPU
		{A60B0536-731D-4656-AFAE-C6F24A4FBD27}.Release|x64.ActiveCfg = Release|Any CPU
		{A60B0536-731D-4656-AFAE-C6F24A4FBD27}.Release|x64.Build.0 = Release|Any CPU
		{A60B0536-731D-4656-AFAE-C6F24A4FBD27}.Release|x86.ActiveCfg = Release|Any CPU
		{A60B0536-731D-4656-AFAE-C6F24A4FBD27}.Release|x86.Build.0 = Release|Any CPU
	EndGlobalSection
	GlobalSection(SolutionProperties) = preSolution
		HideSolutionNode = FALSE
	EndGlobalSection
EndGlobal
